{
    "name": "node-red-iot-project",
    "version": "1.0.0",
    "lockfileVersion": 3,
    "requires": true,
    "packages": {
        "": {
            "name": "node-red-iot-project",
            "version": "1.0.0",
            "dependencies": {
                "node-red-contrib-postgresql": "~0.15.4"
            }
        },
        "node_modules/mustache": {
            "version": "4.2.0",
            "license": "MIT"
        },
        "node_modules/pg": {
            "version": "8.16.3",
            "license": "MIT",
            "dependencies": {
                "pg-cloudflare": "^1.2.7",
                "pg-connection-string": "^2.9.1",
                "pg-pool": "^3.10.1",
                "pg-protocol": "^1.10.3",
                "pg-types": "^2.2.0",
                "pgpass": "^1.0.5"
            }
        },
        "node_modules/pg-cloudflare": {
            "version": "1.2.7",
            "license": "MIT"
        },
        "node_modules/pg-connection-string": {
            "version": "2.9.1",
            "license": "MIT"
        },
        "node_modules/pg-cursor": {
            "version": "2.15.0",
            "license": "MIT",
            "dependencies": {
                "pg": "^8.11.0"
            }
        },
        "node_modules/pg-int8": {
            "version": "1.0.1",
            "license": "ISC"
        },
        "node_modules/pg-pool": {
            "version": "3.10.1",
            "license": "MIT"
        },
        "node_modules/pg-protocol": {
            "version": "1.10.3",
            "license": "MIT"
        },
        "node_modules/pg-types": {
            "version": "2.2.0",
            "license": "MIT",
            "dependencies": {
                "pg-int8": "^1.0.1",
                "postgres-array": "~2.0.0",
                "postgres-bytea": "~1.0.0",
                "postgres-date": "~1.0.7",
                "postgres-interval": "^1.2.0"
            }
        },
        "node_modules/pgpass": {
            "version": "1.0.5",
            "license": "MIT",
            "dependencies": {
                "split2": "^4.1.0"
            }
        },
        "node_modules/node-red-contrib-postgresql": {
            "version": "0.15.4",
            "license": "Apache-2.0",
            "dependencies": {
                "mustache": "^4.2.0",
                "pg": "^8.16.3",
                "pg-cursor": "^2.15.0"
            },
            "engines": {
                "node": ">=18.0.0"
            }
        },
        "node_modules/postgres-array": {
            "version": "2.0.0",
            "license": "MIT"
        },
        "node_modules/postgres-bytea": {
            "version": "1.0.0",
            "license": "MIT"
        },
        "node_modules/postgres-date": {
            "version": "1.0.7",
            "license": "MIT"
        },
        "node_modules/postgres-interval": {
            "version": "1.2.0",
            "license": "MIT"
        },
        "node_modules/split2": {
            "version": "4.2.0",
            "license": "MIT"
        },
        "node_modules/undici-types": {
            "version": "7.24.6",
            "license": "MIT",
            "peer": true
        }
    }
}
